
Microsoft Visual Studio Solution File, Format Version 12.00
# Visual Studio Version 17
VisualStudioVersion = 17.0.31903.59
MinimumVisualStudioVersion = 10.0.40219.1
Project("{2150E333-8FDC-42A3-9474-1A3956D46DE8}") = "src", "src", "{14D55044-97EE-418D-B276-C031F58C71F1}"
EndProject
Project("{FAE04EC0-301F-11D3-BF4B-00C04F79EFBC}") = "AuctionService", "src\AuctionService\AuctionService.csproj", "{2E083600-EC7C-478C-A917-12BF930B451E}"
EndProject
Global
	GlobalSection(SolutionConfigurationPlatforms) = preSolution
		Debug|Any CPU = Debug|Any CPU
		Release|Any CPU = Release|Any CPU
	EndGlobalSection
	GlobalSection(SolutionProperties) = preSolution
		HideSolutionNode = FALSE
	EndGlobalSection
	GlobalSection(ProjectConfigurationPlatforms) = postSolution
		{2E083600-EC7C-478C-A917-12BF930B451E}.Debug|Any CPU.ActiveCfg = Debug|Any CPU
		{2E083600-EC7C-478C-A917-12BF930B451E}.Debug|Any CPU.Build.0 = Debug|Any CPU
		{2E083600-EC7C-478C-A917-12BF930B451E}.Release|Any CPU.ActiveCfg = Release|Any CPU
		{2E083600-EC7C-478C-A917-12BF930B451E}.Release|Any CPU.Build.0 = Release|Any CPU
	EndGlobalSection
	GlobalSection(NestedProjects) = preSolution
		{2E083600-EC7C-478C-A917-12BF930B451E} = {14D55044-97EE-418D-B276-C031F58C71F1}
	EndGlobalSection
EndGlobal
